{
  "name": "@blynx/promise",
  "version": "0.0.1",
  "lockfileVersion": 1,
  "requires": true,
  "dependencies": {
    "@blynx/test": {
      "version": "0.0.4",
      "resolved": "https://registry.npmjs.org/@blynx/test/-/test-0.0.4.tgz",
      "integrity": "sha512-48sCj3GXQblI0t+GfLV29JwKqqNSVJb9Rs6PZcBvffzmRyNcJaeK0NFMI0CKMOe92k95FKxC+Xe5kIhrIJ+25w==",
      "dev": true,
      "requires": {
        "colorful-text": "0.0.1",
        "es6-symbol": "^3.1.1",
        "reflect-metadata": "^0.1.10"
      }
    },
    "@types/node": {
      "version": "7.10.3",
      "resolved": "https://registry.npmjs.org/@types/node/-/node-7.10.3.tgz",
      "integrity": "sha512-HeyK+csRk7Khhg9krpMGJeT9pLzjsmiJFHYRzYpPv/dQ5tPclQsbvceiX/HKynRt/9lMLorWUYTbBHC3hRI4sg==",
      "dev": true
    },
    "colorful-text": {
      "version": "0.0.1",
      "resolved": "https://registry.npmjs.org/colorful-text/-/colorful-text-0.0.1.tgz",
      "integrity": "sha1-83eg3Ty3TgACoFF3tJOlZQSScKc=",
      "dev": true
    },
    "d": {
      "version": "1.0.0",
      "resolved": "https://registry.npmjs.org/d/-/d-1.0.0.tgz",
      "integrity": "sha1-dUu1v+VUUdpppYuU1F9MWwRi1Y8=",
      "dev": true,
      "requires": {
        "es5-ext": "^0.10.9"
      }
    },
    "es5-ext": {
      "version": "0.10.47",
      "resolved": "https://registry.npmjs.org/es5-ext/-/es5-ext-0.10.47.tgz",
      "integrity": "sha512-/1TItLfj+TTfWoeRcDn/0FbGV6SNo4R+On2GGVucPU/j3BWnXE2Co8h8CTo4Tu34gFJtnmwS9xiScKs4EjZhdw==",
      "dev": true,
      "requires": {
        "es6-iterator": "~2.0.3",
        "es6-symbol": "~3.1.1",
        "next-tick": "1"
      }
    },
    "es6-iterator": {
      "version": "2.0.3",
      "resolved": "https://registry.npmjs.org/es6-iterator/-/es6-iterator-2.0.3.tgz",
      "integrity": "sha1-p96IkUGgWpSwhUQDstCg+/qY87c=",
      "dev": true,
      "requires": {
        "d": "1",
        "es5-ext": "^0.10.35",
        "es6-symbol": "^3.1.1"
      }
    },
    "es6-symbol": {
      "version": "3.1.1",
      "resolved": "https://registry.npmjs.org/es6-symbol/-/es6-symbol-3.1.1.tgz",
      "integrity": "sha1-vwDvT9q2uhtG7Le2KbTH7VcVzHc=",
      "dev": true,
      "requires": {
        "d": "1",
        "es5-ext": "~0.10.14"
      }
    },
    "next-tick": {
      "version": "1.0.0",
      "resolved": "https://registry.npmjs.org/next-tick/-/next-tick-1.0.0.tgz",
      "integrity": "sha1-yobR/ogoFpsBICCOPchCS524NCw=",
      "dev": true
    },
    "reflect-metadata": {
      "version": "0.1.13",
      "resolved": "https://registry.npmjs.org/reflect-metadata/-/reflect-metadata-0.1.13.tgz",
      "integrity": "sha512-Ts1Y/anZELhSsjMcU605fU9RE4Oi3p5ORujwbIKXfWa+0Zxs510Qrmrce5/Jowq3cHSZSJqBjypxmHarc+vEWg==",
      "dev": true
    }
  }
}
