{
  "name": "@jable/test",
  "version": "2.0.0",
  "lockfileVersion": 1,
  "dependencies": {
    "@types/node": {
      "version": "https://registry.npmjs.org/@types/node/-/node-7.0.29.tgz",
      "integrity": "sha1-zPzsW3E1x8r2xP+4x/MxAjQNmd8=",
      "dev": true
    },
    "colorful-text": {
      "version": "0.0.1",
      "resolved": "https://registry.npmjs.org/colorful-text/-/colorful-text-0.0.1.tgz",
      "integrity": "sha1-83eg3Ty3TgACoFF3tJOlZQSScKc="
    },
    "d": {
      "version": "https://registry.npmjs.org/d/-/d-1.0.0.tgz",
      "integrity": "sha1-dUu1v+VUUdpppYuU1F9MWwRi1Y8="
    },
    "es5-ext": {
      "version": "https://registry.npmjs.org/es5-ext/-/es5-ext-0.10.23.tgz",
      "integrity": "sha1-dXi1G+l0IHpUh4IbVlOMIk5Oezg="
    },
    "es6-iterator": {
      "version": "https://registry.npmjs.org/es6-iterator/-/es6-iterator-2.0.1.tgz",
      "integrity": "sha1-jjGcnwRTv1ddN0lAplWSDlnKVRI="
    },
    "es6-symbol": {
      "version": "https://registry.npmjs.org/es6-symbol/-/es6-symbol-3.1.1.tgz",
      "integrity": "sha1-vwDvT9q2uhtG7Le2KbTH7VcVzHc="
    },
    "reflect-metadata": {
      "version": "https://registry.npmjs.org/reflect-metadata/-/reflect-metadata-0.1.10.tgz",
      "integrity": "sha1-tPg3BEFqytiZiMmxVjXUfgO5NEo="
    }
  }
}
